// !$*UTF8*$!
{
	archiveVersion = 1;
	classes = {
	};
	objectVersion = 46;
	objects = {

/* Begin PBXBuildFile section */
		4F154F641EAF9455009E32F3 /* 02 Broken Brights.mp3 in Resources */ = {isa = PBXBuildFile; fileRef = 4F154F621EAF9455009E32F3 /* 02 Broken Brights.mp3 */; };
		4F154F651EAF9455009E32F3 /* james blunt You’re Beautiful.mp3 in Resources */ = {isa = PBXBuildFile; fileRef = 4F154F631EAF9455009E32F3 /* james blunt You’re Beautiful.mp3 */; };
		4F154F671EAF9556009E32F3 /* MusicCollectionViewController.swift in Sources */ = {isa = PBXBuildFile; fileRef = 4F154F661EAF9556009E32F3 /* MusicCollectionViewController.swift */; };
		4F154F691EAF95C3009E32F3 /* MusicCollectionViewCell.swift in Sources */ = {isa = PBXBuildFile; fileRef = 4F154F681EAF95C3009E32F3 /* MusicCollectionViewCell.swift */; };
		4F2F64EA1EAF40C000680758 /* MusicPlayerViewController.swift in Sources */ = {isa = PBXBuildFile; fileRef = 4F2F64E91EAF40C000680758 /* MusicPlayerViewController.swift */; };
		4F465CB71EAFE0B00042D4CD /* song.swift in Sources */ = {isa = PBXBuildFile; fileRef = 4F465CB61EAFE0B00042D4CD /* song.swift */; };
		4F784E471EA786670089F1AD /* AppDelegate.swift in Sources */ = {isa = PBXBuildFile; fileRef = 4F784E461EA786670089F1AD /* AppDelegate.swift */; };
		4F784E4C1EA786670089F1AD /* Main.storyboard in Resources */ = {isa = PBXBuildFile; fileRef = 4F784E4A1EA786670089F1AD /* Main.storyboard */; };
		4F784E4E1EA786670089F1AD /* Assets.xcassets in Resources */ = {isa = PBXBuildFile; fileRef = 4F784E4D1EA786670089F1AD /* Assets.xcassets */; };
		4F784E511EA786670089F1AD /* LaunchScreen.storyboard in Resources */ = {isa = PBXBuildFile; fileRef = 4F784E4F1EA786670089F1AD /* LaunchScreen.storyboard */; };
		4F784E5C1EA786670089F1AD /* MobileAndMultimediaSystemsTests.swift in Sources */ = {isa = PBXBuildFile; fileRef = 4F784E5B1EA786670089F1AD /* MobileAndMultimediaSystemsTests.swift */; };
		4F784E671EA786670089F1AD /* MobileAndMultimediaSystemsUITests.swift in Sources */ = {isa = PBXBuildFile; fileRef = 4F784E661EA786670089F1AD /* MobileAndMultimediaSystemsUITests.swift */; };
		4F87704F1EAE5218003FF8FD /* IconCollectionViewCell.swift in Sources */ = {isa = PBXBuildFile; fileRef = 4F87704E1EAE5218003FF8FD /* IconCollectionViewCell.swift */; };
		4F8770511EAE552B003FF8FD /* IconCollectionViewController.swift in Sources */ = {isa = PBXBuildFile; fileRef = 4F8770501EAE552B003FF8FD /* IconCollectionViewController.swift */; };
		4F8770531EAE5657003FF8FD /* Icon.swift in Sources */ = {isa = PBXBuildFile; fileRef = 4F8770521EAE5657003FF8FD /* Icon.swift */; };
		4F8770551EAE61E1003FF8FD /* IconDetailViewController.swift in Sources */ = {isa = PBXBuildFile; fileRef = 4F8770541EAE61E1003FF8FD /* IconDetailViewController.swift */; };
		4F8B8A1A1EAF424100EBEF15 /* sample1.mp3 in Resources */ = {isa = PBXBuildFile; fileRef = 4F8B8A191EAF424100EBEF15 /* sample1.mp3 */; };
		4FE78C541EAFF8F90021D068 /* 03 - Between The Lines (feat. Bajka).mp3 in Resources */ = {isa = PBXBuildFile; fileRef = 4FE78C531EAFF8F90021D068 /* 03 - Between The Lines (feat. Bajka).mp3 */; };
		4FE78C5C1EAFFF040021D068 /* VideoCollectionViewController.swift in Sources */ = {isa = PBXBuildFile; fileRef = 4FE78C5B1EAFFF040021D068 /* VideoCollectionViewController.swift */; };
		4FE78C5E1EAFFF470021D068 /* VideoCollectionViewCell.swift in Sources */ = {isa = PBXBuildFile; fileRef = 4FE78C5D1EAFFF470021D068 /* VideoCollectionViewCell.swift */; };
/* End PBXBuildFile section */

/* Begin PBXContainerItemProxy section */
		4F784E581EA786670089F1AD /* PBXContainerItemProxy */ = {
			isa = PBXContainerItemProxy;
			containerPortal = 4F784E3B1EA786670089F1AD /* Project object */;
			proxyType = 1;
			remoteGlobalIDString = 4F784E421EA786670089F1AD;
			remoteInfo = MobileAndMultimediaSystems;
		};
		4F784E631EA786670089F1AD /* PBXContainerItemProxy */ = {
			isa = PBXContainerItemProxy;
			containerPortal = 4F784E3B1EA786670089F1AD /* Project object */;
			proxyType = 1;
			remoteGlobalIDString = 4F784E421EA786670089F1AD;
			remoteInfo = MobileAndMultimediaSystems;
		};
/* End PBXContainerItemProxy section */

/* Begin PBXFileReference section */
		4F0F84801EB21D61003686C8 /* DO WHAT YOU CAN'T.mp4 */ = {isa = PBXFileReference; lastKnownFileType = file; path = "DO WHAT YOU CAN'T.mp4"; sourceTree = "<group>"; };
		4F154F621EAF9455009E32F3 /* 02 Broken Brights.mp3 */ = {isa = PBXFileReference; lastKnownFileType = audio.mp3; path = "02 Broken Brights.mp3"; sourceTree = "<group>"; };
		4F154F631EAF9455009E32F3 /* james blunt You’re Beautiful.mp3 */ = {isa = PBXFileReference; lastKnownFileType = audio.mp3; path = "james blunt You’re Beautiful.mp3"; sourceTree = "<group>"; };
		4F154F661EAF9556009E32F3 /* MusicCollectionViewController.swift */ = {isa = PBXFileReference; fileEncoding = 4; lastKnownFileType = sourcecode.swift; name = MusicCollectionViewController.swift; path = ../MusicCollectionViewController.swift; sourceTree = "<group>"; };
		4F154F681EAF95C3009E32F3 /* MusicCollectionViewCell.swift */ = {isa = PBXFileReference; fileEncoding = 4; lastKnownFileType = sourcecode.swift; name = MusicCollectionViewCell.swift; path = ../MusicCollectionViewCell.swift; sourceTree = "<group>"; };
		4F2F64E91EAF40C000680758 /* MusicPlayerViewController.swift */ = {isa = PBXFileReference; fileEncoding = 4; lastKnownFileType = sourcecode.swift; path = MusicPlayerViewController.swift; sourceTree = "<group>"; };
		4F465CB61EAFE0B00042D4CD /* song.swift */ = {isa = PBXFileReference; fileEncoding = 4; lastKnownFileType = sourcecode.swift; path = song.swift; sourceTree = "<group>"; };
		4F784E431EA786670089F1AD /* MobileAndMultimediaSystems.app */ = {isa = PBXFileReference; explicitFileType = wrapper.application; includeInIndex = 0; path = MobileAndMultimediaSystems.app; sourceTree = BUILT_PRODUCTS_DIR; };
		4F784E461EA786670089F1AD /* AppDelegate.swift */ = {isa = PBXFileReference; lastKnownFileType = sourcecode.swift; path = AppDelegate.swift; sourceTree = "<group>"; };
		4F784E4B1EA786670089F1AD /* Base */ = {isa = PBXFileReference; lastKnownFileType = file.storyboard; name = Base; path = Base.lproj/Main.storyboard; sourceTree = "<group>"; };
		4F784E4D1EA786670089F1AD /* Assets.xcassets */ = {isa = PBXFileReference; lastKnownFileType = folder.assetcatalog; path = Assets.xcassets; sourceTree = "<group>"; };
		4F784E501EA786670089F1AD /* Base */ = {isa = PBXFileReference; lastKnownFileType = file.storyboard; name = Base; path = Base.lproj/LaunchScreen.storyboard; sourceTree = "<group>"; };
		4F784E521EA786670089F1AD /* Info.plist */ = {isa = PBXFileReference; lastKnownFileType = text.plist.xml; path = Info.plist; sourceTree = "<group>"; };
		4F784E571EA786670089F1AD /* MobileAndMultimediaSystemsTests.xctest */ = {isa = PBXFileReference; explicitFileType = wrapper.cfbundle; includeInIndex = 0; path = MobileAndMultimediaSystemsTests.xctest; sourceTree = BUILT_PRODUCTS_DIR; };
		4F784E5B1EA786670089F1AD /* MobileAndMultimediaSystemsTests.swift */ = {isa = PBXFileReference; lastKnownFileType = sourcecode.swift; path = MobileAndMultimediaSystemsTests.swift; sourceTree = "<group>"; };
		4F784E5D1EA786670089F1AD /* Info.plist */ = {isa = PBXFileReference; lastKnownFileType = text.plist.xml; path = Info.plist; sourceTree = "<group>"; };
		4F784E621EA786670089F1AD /* MobileAndMultimediaSystemsUITests.xctest */ = {isa = PBXFileReference; explicitFileType = wrapper.cfbundle; includeInIndex = 0; path = MobileAndMultimediaSystemsUITests.xctest; sourceTree = BUILT_PRODUCTS_DIR; };
		4F784E661EA786670089F1AD /* MobileAndMultimediaSystemsUITests.swift */ = {isa = PBXFileReference; lastKnownFileType = sourcecode.swift; path = MobileAndMultimediaSystemsUITests.swift; sourceTree = "<group>"; };
		4F784E681EA786670089F1AD /* Info.plist */ = {isa = PBXFileReference; lastKnownFileType = text.plist.xml; path = Info.plist; sourceTree = "<group>"; };
		4F87704E1EAE5218003FF8FD /* IconCollectionViewCell.swift */ = {isa = PBXFileReference; fileEncoding = 4; lastKnownFileType = sourcecode.swift; path = IconCollectionViewCell.swift; sourceTree = "<group>"; };
		4F8770501EAE552B003FF8FD /* IconCollectionViewController.swift */ = {isa = PBXFileReference; fileEncoding = 4; lastKnownFileType = sourcecode.swift; path = IconCollectionViewController.swift; sourceTree = "<group>"; };
		4F8770521EAE5657003FF8FD /* Icon.swift */ = {isa = PBXFileReference; fileEncoding = 4; lastKnownFileType = sourcecode.swift; path = Icon.swift; sourceTree = "<group>"; };
		4F8770541EAE61E1003FF8FD /* IconDetailViewController.swift */ = {isa = PBXFileReference; fileEncoding = 4; lastKnownFileType = sourcecode.swift; path = IconDetailViewController.swift; sourceTree = "<group>"; };
		4F8B8A191EAF424100EBEF15 /* sample1.mp3 */ = {isa = PBXFileReference; lastKnownFileType = audio.mp3; path = sample1.mp3; sourceTree = "<group>"; };
		4FE78C531EAFF8F90021D068 /* 03 - Between The Lines (feat. Bajka).mp3 */ = {isa = PBXFileReference; lastKnownFileType = audio.mp3; path = "03 - Between The Lines (feat. Bajka).mp3"; sourceTree = "<group>"; };
		4FE78C5B1EAFFF040021D068 /* VideoCollectionViewController.swift */ = {isa = PBXFileReference; fileEncoding = 4; lastKnownFileType = sourcecode.swift; path = VideoCollectionViewController.swift; sourceTree = "<group>"; };
		4FE78C5D1EAFFF470021D068 /* VideoCollectionViewCell.swift */ = {isa = PBXFileReference; fileEncoding = 4; lastKnownFileType = sourcecode.swift; path = VideoCollectionViewCell.swift; sourceTree = "<group>"; };
/* End PBXFileReference section */

/* Begin PBXFrameworksBuildPhase section */
		4F784E401EA786670089F1AD /* Frameworks */ = {
			isa = PBXFrameworksBuildPhase;
			buildActionMask = 2147483647;
			files = (
			);
			runOnlyForDeploymentPostprocessing = 0;
		};
		4F784E541EA786670089F1AD /* Frameworks */ = {
			isa = PBXFrameworksBuildPhase;
			buildActionMask = 2147483647;
			files = (
			);
			runOnlyForDeploymentPostprocessing = 0;
		};
		4F784E5F1EA786670089F1AD /* Frameworks */ = {
			isa = PBXFrameworksBuildPhase;
			buildActionMask = 2147483647;
			files = (
			);
			runOnlyForDeploymentPostprocessing = 0;
		};
/* End PBXFrameworksBuildPhase section */

/* Begin PBXGroup section */
		4F0F84811EB21D68003686C8 /* Video */ = {
			isa = PBXGroup;
			children = (
				4F0F84801EB21D61003686C8 /* DO WHAT YOU CAN'T.mp4 */,
			);
			name = Video;
			sourceTree = "<group>";
		};
		4F154F6A1EAF9F21009E32F3 /* Grid */ = {
			isa = PBXGroup;
			children = (
				4F87704E1EAE5218003FF8FD /* IconCollectionViewCell.swift */,
				4F8770501EAE552B003FF8FD /* IconCollectionViewController.swift */,
				4F8770521EAE5657003FF8FD /* Icon.swift */,
				4F8770541EAE61E1003FF8FD /* IconDetailViewController.swift */,
			);
			name = Grid;
			sourceTree = "<group>";
		};
		4F154F6B1EAF9F30009E32F3 /* MP3 Player */ = {
			isa = PBXGroup;
			children = (
				4F154F661EAF9556009E32F3 /* MusicCollectionViewController.swift */,
				4F2F64E91EAF40C000680758 /* MusicPlayerViewController.swift */,
				4F154F681EAF95C3009E32F3 /* MusicCollectionViewCell.swift */,
				4F465CB61EAFE0B00042D4CD /* song.swift */,
				4F2F64EB1EAF418800680758 /* Music */,
			);
			name = "MP3 Player";
			sourceTree = "<group>";
		};
		4F2F64EB1EAF418800680758 /* Music */ = {
			isa = PBXGroup;
			children = (
				4FE78C531EAFF8F90021D068 /* 03 - Between The Lines (feat. Bajka).mp3 */,
				4F154F621EAF9455009E32F3 /* 02 Broken Brights.mp3 */,
				4F154F631EAF9455009E32F3 /* james blunt You’re Beautiful.mp3 */,
				4F8B8A191EAF424100EBEF15 /* sample1.mp3 */,
			);
			name = Music;
			sourceTree = "<group>";
		};
		4F784E3A1EA786670089F1AD = {
			isa = PBXGroup;
			children = (
				4F784E451EA786670089F1AD /* MobileAndMultimediaSystems */,
				4F784E5A1EA786670089F1AD /* MobileAndMultimediaSystemsTests */,
				4F784E651EA786670089F1AD /* MobileAndMultimediaSystemsUITests */,
				4F784E441EA786670089F1AD /* Products */,
			);
			sourceTree = "<group>";
		};
		4F784E441EA786670089F1AD /* Products */ = {
			isa = PBXGroup;
			children = (
				4F784E431EA786670089F1AD /* MobileAndMultimediaSystems.app */,
				4F784E571EA786670089F1AD /* MobileAndMultimediaSystemsTests.xctest */,
				4F784E621EA786670089F1AD /* MobileAndMultimediaSystemsUITests.xctest */,
			);
			name = Products;
			sourceTree = "<group>";
		};
		4F784E451EA786670089F1AD /* MobileAndMultimediaSystems */ = {
			isa = PBXGroup;
			children = (
				4FE78C5A1EAFFEF10021D068 /* Video Player */,
				4F154F6B1EAF9F30009E32F3 /* MP3 Player */,
				4F154F6A1EAF9F21009E32F3 /* Grid */,
				4F784E461EA786670089F1AD /* AppDelegate.swift */,
				4F784E4A1EA786670089F1AD /* Main.storyboard */,
				4F784E4D1EA786670089F1AD /* Assets.xcassets */,
				4F784E4F1EA786670089F1AD /* LaunchScreen.storyboard */,
				4F784E521EA786670089F1AD /* Info.plist */,
			);
			path = MobileAndMultimediaSystems;
			sourceTree = "<group>";
		};
		4F784E5A1EA786670089F1AD /* MobileAndMultimediaSystemsTests */ = {
			isa = PBXGroup;
			children = (
				4F784E5B1EA786670089F1AD /* MobileAndMultimediaSystemsTests.swift */,
				4F784E5D1EA786670089F1AD /* Info.plist */,
			);
			path = MobileAndMultimediaSystemsTests;
			sourceTree = "<group>";
		};
		4F784E651EA786670089F1AD /* MobileAndMultimediaSystemsUITests */ = {
			isa = PBXGroup;
			children = (
				4F784E661EA786670089F1AD /* MobileAndMultimediaSystemsUITests.swift */,
				4F784E681EA786670089F1AD /* Info.plist */,
			);
			path = MobileAndMultimediaSystemsUITests;
			sourceTree = "<group>";
		};
		4FE78C5A1EAFFEF10021D068 /* Video Player */ = {
			isa = PBXGroup;
			children = (
				4F0F84811EB21D68003686C8 /* Video */,
				4FE78C5B1EAFFF040021D068 /* VideoCollectionViewController.swift */,
				4FE78C5D1EAFFF470021D068 /* VideoCollectionViewCell.swift */,
			);
			name = "Video Player";
			sourceTree = "<group>";
		};
/* End PBXGroup section */

/* Begin PBXNativeTarget section */
		4F784E421EA786670089F1AD /* MobileAndMultimediaSystems */ = {
			isa = PBXNativeTarget;
			buildConfigurationList = 4F784E6B1EA786670089F1AD /* Build configuration list for PBXNativeTarget "MobileAndMultimediaSystems" */;
			buildPhases = (
				4F784E3F1EA786670089F1AD /* Sources */,
				4F784E401EA786670089F1AD /* Frameworks */,
				4F784E411EA786670089F1AD /* Resources */,
			);
			buildRules = (
			);
			dependencies = (
			);
			name = MobileAndMultimediaSystems;
			productName = MobileAndMultimediaSystems;
			productReference = 4F784E431EA786670089F1AD /* MobileAndMultimediaSystems.app */;
			productType = "com.apple.product-type.application";
		};
		4F784E561EA786670089F1AD /* MobileAndMultimediaSystemsTests */ = {
			isa = PBXNativeTarget;
			buildConfigurationList = 4F784E6E1EA786670089F1AD /* Build configuration list for PBXNativeTarget "MobileAndMultimediaSystemsTests" */;
			buildPhases = (
				4F784E531EA786670089F1AD /* Sources */,
				4F784E541EA786670089F1AD /* Frameworks */,
				4F784E551EA786670089F1AD /* Resources */,
			);
			buildRules = (
			);
			dependencies = (
				4F784E591EA786670089F1AD /* PBXTargetDependency */,
			);
			name = MobileAndMultimediaSystemsTests;
			productName = MobileAndMultimediaSystemsTests;
			productReference = 4F784E571EA786670089F1AD /* MobileAndMultimediaSystemsTests.xctest */;
			productType = "com.apple.product-type.bundle.unit-test";
		};
		4F784E611EA786670089F1AD /* MobileAndMultimediaSystemsUITests */ = {
			isa = PBXNativeTarget;
			buildConfigurationList = 4F784E711EA786670089F1AD /* Build configuration list for PBXNativeTarget "MobileAndMultimediaSystemsUITests" */;
			buildPhases = (
				4F784E5E1EA786670089F1AD /* Sources */,
				4F784E5F1EA786670089F1AD /* Frameworks */,
				4F784E601EA786670089F1AD /* Resources */,
			);
			buildRules = (
			);
			dependencies = (
				4F784E641EA786670089F1AD /* PBXTargetDependency */,
			);
			name = MobileAndMultimediaSystemsUITests;
			productName = MobileAndMultimediaSystemsUITests;
			productReference = 4F784E621EA786670089F1AD /* MobileAndMultimediaSystemsUITests.xctest */;
			productType = "com.apple.product-type.bundle.ui-testing";
		};
/* End PBXNativeTarget section */

/* Begin PBXProject section */
		4F784E3B1EA786670089F1AD /* Project object */ = {
			isa = PBXProject;
			attributes = {
				LastSwiftUpdateCheck = 0820;
				LastUpgradeCheck = 0820;
				ORGANIZATIONNAME = "Kamil Szalek";
				TargetAttributes = {
					4F784E421EA786670089F1AD = {
						CreatedOnToolsVersion = 8.2.1;
						DevelopmentTeam = WCPCRZBUAV;
						ProvisioningStyle = Automatic;
					};
					4F784E561EA786670089F1AD = {
						CreatedOnToolsVersion = 8.2.1;
						ProvisioningStyle = Automatic;
						TestTargetID = 4F784E421EA786670089F1AD;
					};
					4F784E611EA786670089F1AD = {
						CreatedOnToolsVersion = 8.2.1;
						ProvisioningStyle = Automatic;
						TestTargetID = 4F784E421EA786670089F1AD;
					};
				};
			};
			buildConfigurationList = 4F784E3E1EA786670089F1AD /* Build configuration list for PBXProject "MobileAndMultimediaSystems" */;
			compatibilityVersion = "Xcode 3.2";
			developmentRegion = English;
			hasScannedForEncodings = 0;
			knownRegions = (
				en,
				Base,
			);
			mainGroup = 4F784E3A1EA786670089F1AD;
			productRefGroup = 4F784E441EA786670089F1AD /* Products */;
			projectDirPath = "";
			projectRoot = "";
			targets = (
				4F784E421EA786670089F1AD /* MobileAndMultimediaSystems */,
				4F784E561EA786670089F1AD /* MobileAndMultimediaSystemsTests */,
				4F784E611EA786670089F1AD /* MobileAndMultimediaSystemsUITests */,
			);
		};
/* End PBXProject section */

/* Begin PBXResourcesBuildPhase section */
		4F784E411EA786670089F1AD /* Resources */ = {
			isa = PBXResourcesBuildPhase;
			buildActionMask = 2147483647;
			files = (
				4F8B8A1A1EAF424100EBEF15 /* sample1.mp3 in Resources */,
				4F784E511EA786670089F1AD /* LaunchScreen.storyboard in Resources */,
				4F154F651EAF9455009E32F3 /* james blunt You’re Beautiful.mp3 in Resources */,
				4F784E4E1EA786670089F1AD /* Assets.xcassets in Resources */,
				4FE78C541EAFF8F90021D068 /* 03 - Between The Lines (feat. Bajka).mp3 in Resources */,
				4F784E4C1EA786670089F1AD /* Main.storyboard in Resources */,
				4F154F641EAF9455009E32F3 /* 02 Broken Brights.mp3 in Resources */,
			);
			runOnlyForDeploymentPostprocessing = 0;
		};
		4F784E551EA786670089F1AD /* Resources */ = {
			isa = PBXResourcesBuildPhase;
			buildActionMask = 2147483647;
			files = (
			);
			runOnlyForDeploymentPostprocessing = 0;
		};
		4F784E601EA786670089F1AD /* Resources */ = {
			isa = PBXResourcesBuildPhase;
			buildActionMask = 2147483647;
			files = (
			);
			runOnlyForDeploymentPostprocessing = 0;
		};
/* End PBXResourcesBuildPhase section */

/* Begin PBXSourcesBuildPhase section */
		4F784E3F1EA786670089F1AD /* Sources */ = {
			isa = PBXSourcesBuildPhase;
			buildActionMask = 2147483647;
			files = (
				4FE78C5E1EAFFF470021D068 /* VideoCollectionViewCell.swift in Sources */,
				4F154F691EAF95C3009E32F3 /* MusicCollectionViewCell.swift in Sources */,
				4F784E471EA786670089F1AD /* AppDelegate.swift in Sources */,
				4F465CB71EAFE0B00042D4CD /* song.swift in Sources */,
				4F2F64EA1EAF40C000680758 /* MusicPlayerViewController.swift in Sources */,
				4FE78C5C1EAFFF040021D068 /* VideoCollectionViewController.swift in Sources */,
				4F8770511EAE552B003FF8FD /* IconCollectionViewController.swift in Sources */,
				4F154F671EAF9556009E32F3 /* MusicCollectionViewController.swift in Sources */,
				4F8770531EAE5657003FF8FD /* Icon.swift in Sources */,
				4F8770551EAE61E1003FF8FD /* IconDetailViewController.swift in Sources */,
				4F87704F1EAE5218003FF8FD /* IconCollectionViewCell.swift in Sources */,
			);
			runOnlyForDeploymentPostprocessing = 0;
		};
		4F784E531EA786670089F1AD /* Sources */ = {
			isa = PBXSourcesBuildPhase;
			buildActionMask = 2147483647;
			files = (
				4F784E5C1EA786670089F1AD /* MobileAndMultimediaSystemsTests.swift in Sources */,
			);
			runOnlyForDeploymentPostprocessing = 0;
		};
		4F784E5E1EA786670089F1AD /* Sources */ = {
			isa = PBXSourcesBuildPhase;
			buildActionMask = 2147483647;
			files = (
				4F784E671EA786670089F1AD /* MobileAndMultimediaSystemsUITests.swift in Sources */,
			);
			runOnlyForDeploymentPostprocessing = 0;
		};
/* End PBXSourcesBuildPhase section */

/* Begin PBXTargetDependency section */
		4F784E591EA786670089F1AD /* PBXTargetDependency */ = {
			isa = PBXTargetDependency;
			target = 4F784E421EA786670089F1AD /* MobileAndMultimediaSystems */;
			targetProxy = 4F784E581EA786670089F1AD /* PBXContainerItemProxy */;
		};
		4F784E641EA786670089F1AD /* PBXTargetDependency */ = {
			isa = PBXTargetDependency;
			target = 4F784E421EA786670089F1AD /* MobileAndMultimediaSystems */;
			targetProxy = 4F784E631EA786670089F1AD /* PBXContainerItemProxy */;
		};
/* End PBXTargetDependency section */

/* Begin PBXVariantGroup section */
		4F784E4A1EA786670089F1AD /* Main.storyboard */ = {
			isa = PBXVariantGroup;
			children = (
				4F784E4B1EA786670089F1AD /* Base */,
			);
			name = Main.storyboard;
			sourceTree = "<group>";
		};
		4F784E4F1EA786670089F1AD /* LaunchScreen.storyboard */ = {
			isa = PBXVariantGroup;
			children = (
				4F784E501EA786670089F1AD /* Base */,
			);
			name = LaunchScreen.storyboard;
			sourceTree = "<group>";
		};
/* End PBXVariantGroup section */

/* Begin XCBuildConfiguration section */
		4F784E691EA786670089F1AD /* Debug */ = {
			isa = XCBuildConfiguration;
			buildSettings = {
				ALWAYS_SEARCH_USER_PATHS = NO;
				CLANG_ANALYZER_NONNULL = YES;
				CLANG_CXX_LANGUAGE_STANDARD = "gnu++0x";
				CLANG_CXX_LIBRARY = "libc++";
				CLANG_ENABLE_MODULES = YES;
				CLANG_ENABLE_OBJC_ARC = YES;
				CLANG_WARN_BOOL_CONVERSION = YES;
				CLANG_WARN_CONSTANT_CONVERSION = YES;
				CLANG_WARN_DIRECT_OBJC_ISA_USAGE = YES_ERROR;
				CLANG_WARN_DOCUMENTATION_COMMENTS = YES;
				CLANG_WARN_EMPTY_BODY = YES;
				CLANG_WARN_ENUM_CONVERSION = YES;
				CLANG_WARN_INFINITE_RECURSION = YES;
				CLANG_WARN_INT_CONVERSION = YES;
				CLANG_WARN_OBJC_ROOT_CLASS = YES_ERROR;
				CLANG_WARN_SUSPICIOUS_MOVE = YES;
				CLANG_WARN_UNREACHABLE_CODE = YES;
				CLANG_WARN__DUPLICATE_METHOD_MATCH = YES;
				"CODE_SIGN_IDENTITY[sdk=iphoneos*]" = "iPhone Developer";
				COPY_PHASE_STRIP = NO;
				DEBUG_INFORMATION_FORMAT = dwarf;
				ENABLE_STRICT_OBJC_MSGSEND = YES;
				ENABLE_TESTABILITY = YES;
				GCC_C_LANGUAGE_STANDARD = gnu99;
				GCC_DYNAMIC_NO_PIC = NO;
				GCC_NO_COMMON_BLOCKS = YES;
				GCC_OPTIMIZATION_LEVEL = 0;
				GCC_PREPROCESSOR_DEFINITIONS = (
					"DEBUG=1",
					"$(inherited)",
				);
				GCC_WARN_64_TO_32_BIT_CONVERSION = YES;
				GCC_WARN_ABOUT_RETURN_TYPE = YES_ERROR;
				GCC_WARN_UNDECLARED_SELECTOR = YES;
				GCC_WARN_UNINITIALIZED_AUTOS = YES_AGGRESSIVE;
				GCC_WARN_UNUSED_FUNCTION = YES;
				GCC_WARN_UNUSED_VARIABLE = YES;
				IPHONEOS_DEPLOYMENT_TARGET = 10.2;
				MTL_ENABLE_DEBUG_INFO = YES;
				ONLY_ACTIVE_ARCH = YES;
				SDKROOT = iphoneos;
				SWIFT_ACTIVE_COMPILATION_CONDITIONS = DEBUG;
				SWIFT_OPTIMIZATION_LEVEL = "-Onone";
				TARGETED_DEVICE_FAMILY = "1,2";
			};
			name = Debug;
		};
		4F784E6A1EA786670089F1AD /* Release */ = {
			isa = XCBuildConfiguration;
			buildSettings = {
				ALWAYS_SEARCH_USER_PATHS = NO;
				CLANG_ANALYZER_NONNULL = YES;
				CLANG_CXX_LANGUAGE_STANDARD = "gnu++0x";
				CLANG_CXX_LIBRARY = "libc++";
				CLANG_ENABLE_MODULES = YES;
				CLANG_ENABLE_OBJC_ARC = YES;
				CLANG_WARN_BOOL_CONVERSION = YES;
				CLANG_WARN_CONSTANT_CONVERSION = YES;
				CLANG_WARN_DIRECT_OBJC_ISA_USAGE = YES_ERROR;
				CLANG_WARN_DOCUMENTATION_COMMENTS = YES;
				CLANG_WARN_EMPTY_BODY = YES;
				CLANG_WARN_ENUM_CONVERSION = YES;
				CLANG_WARN_INFINITE_RECURSION = YES;
				CLANG_WARN_INT_CONVERSION = YES;
				CLANG_WARN_OBJC_ROOT_CLASS = YES_ERROR;
				CLANG_WARN_SUSPICIOUS_MOVE = YES;
				CLANG_WARN_UNREACHABLE_CODE = YES;
				CLANG_WARN__DUPLICATE_METHOD_MATCH = YES;
				"CODE_SIGN_IDENTITY[sdk=iphoneos*]" = "iPhone Developer";
				COPY_PHASE_STRIP = NO;
				DEBUG_INFORMATION_FORMAT = "dwarf-with-dsym";
				ENABLE_NS_ASSERTIONS = NO;
				ENABLE_STRICT_OBJC_MSGSEND = YES;
				GCC_C_LANGUAGE_STANDARD = gnu99;
				GCC_NO_COMMON_BLOCKS = YES;
				GCC_WARN_64_TO_32_BIT_CONVERSION = YES;
				GCC_WARN_ABOUT_RETURN_TYPE = YES_ERROR;
				GCC_WARN_UNDECLARED_SELECTOR = YES;
				GCC_WARN_UNINITIALIZED_AUTOS = YES_AGGRESSIVE;
				GCC_WARN_UNUSED_FUNCTION = YES;
				GCC_WARN_UNUSED_VARIABLE = YES;
				IPHONEOS_DEPLOYMENT_TARGET = 10.2;
				MTL_ENABLE_DEBUG_INFO = NO;
				SDKROOT = iphoneos;
				SWIFT_OPTIMIZATION_LEVEL = "-Owholemodule";
				TARGETED_DEVICE_FAMILY = "1,2";
				VALIDATE_PRODUCT = YES;
			};
			name = Release;
		};
		4F784E6C1EA786670089F1AD /* Debug */ = {
			isa = XCBuildConfiguration;
			buildSettings = {
				ASSETCATALOG_COMPILER_APPICON_NAME = AppIcon;
				DEVELOPMENT_TEAM = WCPCRZBUAV;
				INFOPLIST_FILE = MobileAndMultimediaSystems/Info.plist;
				LD_RUNPATH_SEARCH_PATHS = "$(inherited) @executable_path/Frameworks";
				PRODUCT_BUNDLE_IDENTIFIER = szalo.MobileAndMultimediaSystems;
				PRODUCT_NAME = "$(TARGET_NAME)";
				SWIFT_VERSION = 3.0;
			};
			name = Debug;
		};
		4F784E6D1EA786670089F1AD /* Release */ = {
			isa = XCBuildConfiguration;
			buildSettings = {
				ASSETCATALOG_COMPILER_APPICON_NAME = AppIcon;
				DEVELOPMENT_TEAM = WCPCRZBUAV;
				INFOPLIST_FILE = MobileAndMultimediaSystems/Info.plist;
				LD_RUNPATH_SEARCH_PATHS = "$(inherited) @executable_path/Frameworks";
				PRODUCT_BUNDLE_IDENTIFIER = szalo.MobileAndMultimediaSystems;
				PRODUCT_NAME = "$(TARGET_NAME)";
				SWIFT_VERSION = 3.0;
			};
			name = Release;
		};
		4F784E6F1EA786670089F1AD /* Debug */ = {
			isa = XCBuildConfiguration;
			buildSettings = {
				ALWAYS_EMBED_SWIFT_STANDARD_LIBRARIES = YES;
				BUNDLE_LOADER = "$(TEST_HOST)";
				INFOPLIST_FILE = MobileAndMultimediaSystemsTests/Info.plist;
				LD_RUNPATH_SEARCH_PATHS = "$(inherited) @executable_path/Frameworks @loader_path/Frameworks";
				PRODUCT_BUNDLE_IDENTIFIER = szalo.MobileAndMultimediaSystemsTests;
				PRODUCT_NAME = "$(TARGET_NAME)";
				SWIFT_VERSION = 3.0;
				TEST_HOST = "$(BUILT_PRODUCTS_DIR)/MobileAndMultimediaSystems.app/MobileAndMultimediaSystems";
			};
			name = Debug;
		};
		4F784E701EA786670089F1AD /* Release */ = {
			isa = XCBuildConfiguration;
			buildSettings = {
				ALWAYS_EMBED_SWIFT_STANDARD_LIBRARIES = YES;
				BUNDLE_LOADER = "$(TEST_HOST)";
				INFOPLIST_FILE = MobileAndMultimediaSystemsTests/Info.plist;
				LD_RUNPATH_SEARCH_PATHS = "$(inherited) @executable_path/Frameworks @loader_path/Frameworks";
				PRODUCT_BUNDLE_IDENTIFIER = szalo.MobileAndMultimediaSystemsTests;
				PRODUCT_NAME = "$(TARGET_NAME)";
				SWIFT_VERSION = 3.0;
				TEST_HOST = "$(BUILT_PRODUCTS_DIR)/MobileAndMultimediaSystems.app/MobileAndMultimediaSystems";
			};
			name = Release;
		};
		4F784E721EA786670089F1AD /* Debug */ = {
			isa = XCBuildConfiguration;
			buildSettings = {
				ALWAYS_EMBED_SWIFT_STANDARD_LIBRARIES = YES;
				INFOPLIST_FILE = MobileAndMultimediaSystemsUITests/Info.plist;
				LD_RUNPATH_SEARCH_PATHS = "$(inherited) @executable_path/Frameworks @loader_path/Frameworks";
				PRODUCT_BUNDLE_IDENTIFIER = szalo.MobileAndMultimediaSystemsUITests;
				PRODUCT_NAME = "$(TARGET_NAME)";
				SWIFT_VERSION = 3.0;
				TEST_TARGET_NAME = MobileAndMultimediaSystems;
			};
			name = Debug;
		};
		4F784E731EA786670089F1AD /* Release */ = {
			isa = XCBuildConfiguration;
			buildSettings = {
				ALWAYS_EMBED_SWIFT_STANDARD_LIBRARIES = YES;
				INFOPLIST_FILE = MobileAndMultimediaSystemsUITests/Info.plist;
				LD_RUNPATH_SEARCH_PATHS = "$(inherited) @executable_path/Frameworks @loader_path/Frameworks";
				PRODUCT_BUNDLE_IDENTIFIER = szalo.MobileAndMultimediaSystemsUITests;
				PRODUCT_NAME = "$(TARGET_NAME)";
				SWIFT_VERSION = 3.0;
				TEST_TARGET_NAME = MobileAndMultimediaSystems;
			};
			name = Release;
		};
/* End XCBuildConfiguration section */

/* Begin XCConfigurationList section */
		4F784E3E1EA786670089F1AD /* Build configuration list for PBXProject "MobileAndMultimediaSystems" */ = {
			isa = XCConfigurationList;
			buildConfigurations = (
				4F784E691EA786670089F1AD /* Debug */,
				4F784E6A1EA786670089F1AD /* Release */,
			);
			defaultConfigurationIsVisible = 0;
			defaultConfigurationName = Release;
		};
		4F784E6B1EA786670089F1AD /* Build configuration list for PBXNativeTarget "MobileAndMultimediaSystems" */ = {
			isa = XCConfigurationList;
			buildConfigurations = (
				4F784E6C1EA786670089F1AD /* Debug */,
				4F784E6D1EA786670089F1AD /* Release */,
			);
			defaultConfigurationIsVisible = 0;
			defaultConfigurationName = Release;
		};
		4F784E6E1EA786670089F1AD /* Build configuration list for PBXNativeTarget "MobileAndMultimediaSystemsTests" */ = {
			isa = XCConfigurationList;
			buildConfigurations = (
				4F784E6F1EA786670089F1AD /* Debug */,
				4F784E701EA786670089F1AD /* Release */,
			);
			defaultConfigurationIsVisible = 0;
			defaultConfigurationName = Release;
		};
		4F784E711EA786670089F1AD /* Build configuration list for PBXNativeTarget "MobileAndMultimediaSystemsUITests" */ = {
			isa = XCConfigurationList;
			buildConfigurations = (
				4F784E721EA786670089F1AD /* Debug */,
				4F784E731EA786670089F1AD /* Release */,
			);
			defaultConfigurationIsVisible = 0;
			defaultConfigurationName = Release;
		};
/* End XCConfigurationList section */
	};
	rootObject = 4F784E3B1EA786670089F1AD /* Project object */;
}
